
Microsoft Visual Studio Solution File, Format Version 12.00
# Visual Studio 15
VisualStudioVersion = 15.0.27004.2010
MinimumVisualStudioVersion = 10.0.40219.1
Project("{9A19103F-16F7-4668-BE54-9A1E7A4F7556}") = "Common", "Common\Common.csproj", "{A1A39A76-41CA-432B-916B-126C39602CDF}"
EndProject
Project("{FAE04EC0-301F-11D3-BF4B-00C04F79EFBC}") = "AOC", "AOC\AOC.csproj", "{222CCD1C-EEF7-4769-95B7-CFB9881CB3AE}"
EndProject
Project("{9A19103F-16F7-4668-BE54-9A1E7A4F7556}") = "DayLibrary", "DayLibrary\DayLibrary.csproj", "{28944FE7-C083-4AE1-B4A5-9E24056CBDE7}"
EndProject
Project("{FAE04EC0-301F-11D3-BF4B-00C04F79EFBC}") = "DayLibraryTests", "DayLibraryTests\DayLibraryTests.csproj", "{AB53E5A7-AFA3-4EEC-B8E2-11DDAFF0B4FE}"
EndProject
Global
	GlobalSection(SolutionConfigurationPlatforms) = preSolution
		Debug|Any CPU = Debug|Any CPU
		Release|Any CPU = Release|Any CPU
	EndGlobalSection
	GlobalSection(ProjectConfigurationPlatforms) = postSolution
		{A1A39A76-41CA-432B-916B-126C39602CDF}.Debug|Any CPU.ActiveCfg = Debug|Any CPU
		{A1A39A76-41CA-432B-916B-126C39602CDF}.Debug|Any CPU.Build.0 = Debug|Any CPU
		{A1A39A76-41CA-432B-916B-126C39602CDF}.Release|Any CPU.ActiveCfg = Release|Any CPU
		{A1A39A76-41CA-432B-916B-126C39602CDF}.Release|Any CPU.Build.0 = Release|Any CPU
		{222CCD1C-EEF7-4769-95B7-CFB9881CB3AE}.Debug|Any CPU.ActiveCfg = Debug|Any CPU
		{222CCD1C-EEF7-4769-95B7-CFB9881CB3AE}.Debug|Any CPU.Build.0 = Debug|Any CPU
		{222CCD1C-EEF7-4769-95B7-CFB9881CB3AE}.Release|Any CPU.ActiveCfg = Release|Any CPU
		{222CCD1C-EEF7-4769-95B7-CFB9881CB3AE}.Release|Any CPU.Build.0 = Release|Any CPU
		{28944FE7-C083-4AE1-B4A5-9E24056CBDE7}.Debug|Any CPU.ActiveCfg = Debug|Any CPU
		{28944FE7-C083-4AE1-B4A5-9E24056CBDE7}.Debug|Any CPU.Build.0 = Debug|Any CPU
		{28944FE7-C083-4AE1-B4A5-9E24056CBDE7}.Release|Any CPU.ActiveCfg = Release|Any CPU
		{28944FE7-C083-4AE1-B4A5-9E24056CBDE7}.Release|Any CPU.Build.0 = Release|Any CPU
		{AB53E5A7-AFA3-4EEC-B8E2-11DDAFF0B4FE}.Debug|Any CPU.ActiveCfg = Debug|Any CPU
		{AB53E5A7-AFA3-4EEC-B8E2-11DDAFF0B4FE}.Debug|Any CPU.Build.0 = Debug|Any CPU
		{AB53E5A7-AFA3-4EEC-B8E2-11DDAFF0B4FE}.Release|Any CPU.ActiveCfg = Release|Any CPU
		{AB53E5A7-AFA3-4EEC-B8E2-11DDAFF0B4FE}.Release|Any CPU.Build.0 = Release|Any CPU
	EndGlobalSection
	GlobalSection(SolutionProperties) = preSolution
		HideSolutionNode = FALSE
	EndGlobalSection
	GlobalSection(ExtensibilityGlobals) = postSolution
		SolutionGuid = {C8C9B17A-982B-4A3A-8026-5B722D8C05B7}
	EndGlobalSection
EndGlobal
